---
model_config:
  resultset: User

elements:
  - type: Text
    name: name
  - type: Repeatable
    nested_name: addresses
    counter_name: addresses_counter
    model_config:
        new_rows_max: 10
    elements:
      - type: Text
        name: address
      - type: Hidden
        name: id
      - type: Block
        nested_name: country
        elements:
          - type: Hidden
            name: id
          - type: Text
            name: name

